
Microsoft Visual Studio Solution File, Format Version 12.00
# Visual Studio 2012
Project("{FAE04EC0-301F-11D3-BF4B-00C04F79EFBC}") = "Euroffice", "Euroffice\Euroffice.csproj", "{ABBFC383-1103-42E5-B0C5-33D17DD3E062}"
EndProject
Global
	GlobalSection(SolutionConfigurationPlatforms) = preSolution
		Debug|Any CPU = Debug|Any CPU
		Release|Any CPU = Release|Any CPU
	EndGlobalSection
	GlobalSection(ProjectConfigurationPlatforms) = postSolution
		{ABBFC383-1103-42E5-B0C5-33D17DD3E062}.Debug|Any CPU.ActiveCfg = Debug|Any CPU
		{ABBFC383-1103-42E5-B0C5-33D17DD3E062}.Debug|Any CPU.Build.0 = Debug|Any CPU
		{ABBFC383-1103-42E5-B0C5-33D17DD3E062}.Release|Any CPU.ActiveCfg = Release|Any CPU
		{ABBFC383-1103-42E5-B0C5-33D17DD3E062}.Release|Any CPU.Build.0 = Release|Any CPU
	EndGlobalSection
EndGlobal
